
Microsoft Visual Studio Solution File, Format Version 12.00
# Visual Studio Version 17
VisualStudioVersion = 17.11.35303.130
MinimumVisualStudioVersion = 10.0.40219.1
Project("{FAE04EC0-301F-11D3-BF4B-00C04F79EFBC}") = "KH_SSD_W38", "KH_SSD_W38\KH_SSD_W38.csproj", "{B064B31C-92A2-408C-B4FA-33A6C09C3A76}"
EndProject
Global
	GlobalSection(SolutionConfigurationPlatforms) = preSolution
		Debug|Any CPU = Debug|Any CPU
		Release|Any CPU = Release|Any CPU
	EndGlobalSection
	GlobalSection(ProjectConfigurationPlatforms) = postSolution
		{B064B31C-92A2-408C-B4FA-33A6C09C3A76}.Debug|Any CPU.ActiveCfg = Debug|Any CPU
		{B064B31C-92A2-408C-B4FA-33A6C09C3A76}.Debug|Any CPU.Build.0 = Debug|Any CPU
		{B064B31C-92A2-408C-B4FA-33A6C09C3A76}.Release|Any CPU.ActiveCfg = Release|Any CPU
		{B064B31C-92A2-408C-B4FA-33A6C09C3A76}.Release|Any CPU.Build.0 = Release|Any CPU
	EndGlobalSection
	GlobalSection(SolutionProperties) = preSolution
		HideSolutionNode = FALSE
	EndGlobalSection
	GlobalSection(ExtensibilityGlobals) = postSolution
		SolutionGuid = {8B9818FD-2C5F-4A0A-86B6-7707A59D1137}
	EndGlobalSection
EndGlobal
